{
    "name": "cineone-project",
    "version": "0.1.0",
    "lockfileVersion": 2,
    "requires": true,
    "private": true,
    "packages": {
        "": {
            "name": "cineone-project",
            "version": "0.1.0",
            "dependencies": {
                "@testing-library/jest-dom": "^5.16.1",
                "@testing-library/react": "^12.1.2",
                "@testing-library/user-event": "^13.5.0",
                "axios": "^0.24.0",
                "react": "^17.0.2",
                "react-dom": "^17.0.2",
                "react-icons": "^4.3.1",
                "react-router-dom": "^6.2.1",
                "react-script": "^2.0.5",
                "react-scripts": "^3.0.1",
                "react-slick": "^0.28.1",
                "slick-carousel": "^1.8.1",
                "web-vitals": "^2.1.2"
            }
        },
        "node_modules/@testing-library/jest-dom": {
            "version": "5.16.1",
            "license": "MIT",
            "dependencies": {
                "@babel/runtime": "^7.9.2",
                "@types/testing-library__jest-dom": "^5.9.1",
                "aria-query": "^5.0.0",
                "chalk": "^3.0.0",
                "css": "^3.0.0",
                "css.escape": "^1.5.1",
                "dom-accessibility-api": "^0.5.6",
                "lodash": "^4.17.15",
                "redent": "^3.0.0"
            },
            "engines": {
                "node": ">=8",
                "npm": ">=6",
                "yarn": ">=1"
            }
        },
        "node_modules/@testing-library/react": {
            "version": "12.1.2",
            "license": "MIT",
            "dependencies": {
                "@babel/runtime": "^7.12.5",
                "@testing-library/dom": "^8.0.0"
            },
            "engines": {
                "node": ">=12"
            },
            "peerDependencies": {
                "react": "*",
                "react-dom": "*"
            }
        },
        "node_modules/@testing-library/user-event": {
            "version": "13.5.0",
            "license": "MIT",
            "dependencies": {
                "@babel/runtime": "^7.12.5"
            },
            "engines": {
                "node": ">=10",
                "npm": ">=6"
            },
            "peerDependencies": {
                "@testing-library/dom": ">=7.21.4"
            }
        },
        "node_modules/axios": {
            "version": "0.24.0",
            "license": "MIT",
            "dependencies": {
                "follow-redirects": "^1.14.4"
            }
        },
        "node_modules/react": {
            "version": "17.0.2",
            "license": "MIT",
            "dependencies": {
                "loose-envify": "^1.1.0",
                "object-assign": "^4.1.1"
            },
            "engines": {
                "node": ">=0.10.0"
            }
        },
        "node_modules/react-dom": {
            "version": "17.0.2",
            "license": "MIT",
            "dependencies": {
                "loose-envify": "^1.1.0",
                "object-assign": "^4.1.1",
                "scheduler": "^0.20.2"
            },
            "peerDependencies": {
                "react": "17.0.2"
            }
        },
        "node_modules/react-icons": {
            "version": "4.3.1",
            "license": "MIT",
            "peerDependencies": {
                "react": "*"
            }
        },
        "node_modules/react-router-dom": {
            "version": "6.2.1",
            "license": "MIT",
            "dependencies": {
                "history": "^5.2.0",
                "react-router": "6.2.1"
            },
            "peerDependencies": {
                "react": ">=16.8",
                "react-dom": ">=16.8"
            }
        },
        "node_modules/react-script": {
            "version": "2.0.5",
            "license": "MIT"
        },
        "node_modules/react-scripts": {
            "version": "3.4.4",
            "license": "MIT",
            "dependencies": {
                "@babel/core": "7.9.0",
                "@svgr/webpack": "4.3.3",
                "@typescript-eslint/eslint-plugin": "^2.10.0",
                "@typescript-eslint/parser": "^2.10.0",
                "babel-eslint": "10.1.0",
                "babel-jest": "^24.9.0",
                "babel-loader": "8.1.0",
                "babel-plugin-named-asset-import": "^0.3.6",
                "babel-preset-react-app": "^9.1.2",
                "camelcase": "^5.3.1",
                "case-sensitive-paths-webpack-plugin": "2.3.0",
                "css-loader": "3.4.2",
                "dotenv": "8.2.0",
                "dotenv-expand": "5.1.0",
                "eslint": "^6.6.0",
                "eslint-config-react-app": "^5.2.1",
                "eslint-loader": "3.0.3",
                "eslint-plugin-flowtype": "4.6.0",
                "eslint-plugin-import": "2.20.1",
                "eslint-plugin-jsx-a11y": "6.2.3",
                "eslint-plugin-react": "7.19.0",
                "eslint-plugin-react-hooks": "^1.6.1",
                "file-loader": "4.3.0",
                "fs-extra": "^8.1.0",
                "html-webpack-plugin": "4.0.0-beta.11",
                "identity-obj-proxy": "3.0.0",
                "jest": "24.9.0",
                "jest-environment-jsdom-fourteen": "1.0.1",
                "jest-resolve": "24.9.0",
                "jest-watch-typeahead": "0.4.2",
                "mini-css-extract-plugin": "0.9.0",
                "optimize-css-assets-webpack-plugin": "5.0.3",
                "pnp-webpack-plugin": "1.6.4",
                "postcss-flexbugs-fixes": "4.1.0",
                "postcss-loader": "3.0.0",
                "postcss-normalize": "8.0.1",
                "postcss-preset-env": "6.7.0",
                "postcss-safe-parser": "4.0.1",
                "react-app-polyfill": "^1.0.6",
                "react-dev-utils": "^10.2.1",
                "resolve": "1.15.0",
                "resolve-url-loader": "3.1.2",
                "sass-loader": "8.0.2",
                "semver": "6.3.0",
                "style-loader": "0.23.1",
                "terser-webpack-plugin": "2.3.8",
                "ts-pnp": "1.1.6",
                "url-loader": "2.3.0",
                "webpack": "4.42.0",
                "webpack-dev-server": "3.11.0",
                "webpack-manifest-plugin": "2.2.0",
                "workbox-webpack-plugin": "4.3.1"
            },
            "bin": {
                "react-scripts": "bin/react-scripts.js"
            },
            "engines": {
                "node": ">=8.10"
            },
            "optionalDependencies": {
                "fsevents": "2.1.2"
            },
            "peerDependencies": {
                "typescript": "^3.2.1"
            },
            "peerDependenciesMeta": {
                "typescript": {
                    "optional": true
                }
            }
        },
        "node_modules/react-slick": {
            "version": "0.28.1",
            "license": "MIT",
            "dependencies": {
                "classnames": "^2.2.5",
                "enquire.js": "^2.1.6",
                "json2mq": "^0.2.0",
                "lodash.debounce": "^4.0.8",
                "resize-observer-polyfill": "^1.5.0"
            },
            "peerDependencies": {
                "react": "^0.14.0 || ^15.0.1 || ^16.0.0 || ^17.0.0",
                "react-dom": "^0.14.0 || ^15.0.1 || ^16.0.0 || ^17.0.0"
            }
        },
        "node_modules/slick-carousel": {
            "version": "1.8.1",
            "license": "MIT",
            "peerDependencies": {
                "jquery": ">=1.8.0"
            }
        },
        "node_modules/web-vitals": {
            "version": "2.1.2",
            "license": "Apache-2.0"
        }
    },
    "dependencies": {
        "@testing-library/jest-dom": {
            "version": "5.16.1",
            "requires": {
                "@babel/runtime": "^7.9.2",
                "@types/testing-library__jest-dom": "^5.9.1",
                "aria-query": "^5.0.0",
                "chalk": "^3.0.0",
                "css": "^3.0.0",
                "css.escape": "^1.5.1",
                "dom-accessibility-api": "^0.5.6",
                "lodash": "^4.17.15",
                "redent": "^3.0.0"
            }
        },
        "@testing-library/react": {
            "version": "12.1.2",
            "requires": {
                "@babel/runtime": "^7.12.5",
                "@testing-library/dom": "^8.0.0"
            }
        },
        "@testing-library/user-event": {
            "version": "13.5.0",
            "requires": {
                "@babel/runtime": "^7.12.5"
            }
        },
        "axios": {
            "version": "0.24.0",
            "requires": {
                "follow-redirects": "^1.14.4"
            }
        },
        "react": {
            "version": "17.0.2",
            "requires": {
                "loose-envify": "^1.1.0",
                "object-assign": "^4.1.1"
            }
        },
        "react-dom": {
            "version": "17.0.2",
            "requires": {
                "loose-envify": "^1.1.0",
                "object-assign": "^4.1.1",
                "scheduler": "^0.20.2"
            }
        },
        "react-icons": {
            "version": "4.3.1",
            "requires": {}
        },
        "react-router-dom": {
            "version": "6.2.1",
            "requires": {
                "history": "^5.2.0",
                "react-router": "6.2.1"
            }
        },
        "react-script": {
            "version": "2.0.5"
        },
        "react-scripts": {
            "version": "3.4.4",
            "requires": {
                "@babel/core": "7.9.0",
                "@svgr/webpack": "4.3.3",
                "@typescript-eslint/eslint-plugin": "^2.10.0",
                "@typescript-eslint/parser": "^2.10.0",
                "babel-eslint": "10.1.0",
                "babel-jest": "^24.9.0",
                "babel-loader": "8.1.0",
                "babel-plugin-named-asset-import": "^0.3.6",
                "babel-preset-react-app": "^9.1.2",
                "camelcase": "^5.3.1",
                "case-sensitive-paths-webpack-plugin": "2.3.0",
                "css-loader": "3.4.2",
                "dotenv": "8.2.0",
                "dotenv-expand": "5.1.0",
                "eslint": "^6.6.0",
                "eslint-config-react-app": "^5.2.1",
                "eslint-loader": "3.0.3",
                "eslint-plugin-flowtype": "4.6.0",
                "eslint-plugin-import": "2.20.1",
                "eslint-plugin-jsx-a11y": "6.2.3",
                "eslint-plugin-react": "7.19.0",
                "eslint-plugin-react-hooks": "^1.6.1",
                "file-loader": "4.3.0",
                "fs-extra": "^8.1.0",
                "fsevents": "2.1.2",
                "html-webpack-plugin": "4.0.0-beta.11",
                "identity-obj-proxy": "3.0.0",
                "jest": "24.9.0",
                "jest-environment-jsdom-fourteen": "1.0.1",
                "jest-resolve": "24.9.0",
                "jest-watch-typeahead": "0.4.2",
                "mini-css-extract-plugin": "0.9.0",
                "optimize-css-assets-webpack-plugin": "5.0.3",
                "pnp-webpack-plugin": "1.6.4",
                "postcss-flexbugs-fixes": "4.1.0",
                "postcss-loader": "3.0.0",
                "postcss-normalize": "8.0.1",
                "postcss-preset-env": "6.7.0",
                "postcss-safe-parser": "4.0.1",
                "react-app-polyfill": "^1.0.6",
                "react-dev-utils": "^10.2.1",
                "resolve": "1.15.0",
                "resolve-url-loader": "3.1.2",
                "sass-loader": "8.0.2",
                "semver": "6.3.0",
                "style-loader": "0.23.1",
                "terser-webpack-plugin": "2.3.8",
                "ts-pnp": "1.1.6",
                "url-loader": "2.3.0",
                "webpack": "4.42.0",
                "webpack-dev-server": "3.11.0",
                "webpack-manifest-plugin": "2.2.0",
                "workbox-webpack-plugin": "4.3.1"
            }
        },
        "react-slick": {
            "version": "0.28.1",
            "requires": {
                "classnames": "^2.2.5",
                "enquire.js": "^2.1.6",
                "json2mq": "^0.2.0",
                "lodash.debounce": "^4.0.8",
                "resize-observer-polyfill": "^1.5.0"
            }
        },
        "slick-carousel": {
            "version": "1.8.1",
            "requires": {}
        },
        "web-vitals": {
            "version": "2.1.2"
        }
    },
    "browserslist": {
        "development": [
            "last 1 chrome version",
            "last 1 firefox version",
            "last 1 safari version"
        ],
        "production": [
            ">0.2%",
            "not dead",
            "not op_mini all"
        ]
    },
    "eslintConfig": {
        "extends": [
            "react-app",
            "react-app/jest"
        ]
    },
    "scripts": {
        "build": "react-scripts build",
        "eject": "react-scripts eject",
        "start": "react-scripts start",
        "test": "react-scripts test"
    }
}
